// !$*UTF8*$!
{
	archiveVersion = 1;
	classes = {
	};
	objectVersion = 46;
	objects = {

/* Begin PBXBuildFile section */
		4B5D033117E20F6100FDF216 /* UIKit.framework in Frameworks */ = {isa = PBXBuildFile; fileRef = 4B5D033017E20F6100FDF216 /* UIKit.framework */; };
		4B5D033317E20F6100FDF216 /* Foundation.framework in Frameworks */ = {isa = PBXBuildFile; fileRef = 4B5D033217E20F6100FDF216 /* Foundation.framework */; };
		4B5D033517E20F6100FDF216 /* CoreGraphics.framework in Frameworks */ = {isa = PBXBuildFile; fileRef = 4B5D033417E20F6100FDF216 /* CoreGraphics.framework */; };
		4B5D033B17E20F6100FDF216 /* InfoPlist.strings in Resources */ = {isa = PBXBuildFile; fileRef = 4B5D033917E20F6100FDF216 /* InfoPlist.strings */; };
		4B5D033D17E20F6100FDF216 /* main.m in Sources */ = {isa = PBXBuildFile; fileRef = 4B5D033C17E20F6100FDF216 /* main.m */; };
		4B5D034117E20F6100FDF216 /* AppDelegate.m in Sources */ = {isa = PBXBuildFile; fileRef = 4B5D034017E20F6100FDF216 /* AppDelegate.m */; };
		4B5D034317E20F6100FDF216 /* Default.png in Resources */ = {isa = PBXBuildFile; fileRef = 4B5D034217E20F6100FDF216 /* Default.png */; };
		4B5D034517E20F6100FDF216 /* Default@2x.png in Resources */ = {isa = PBXBuildFile; fileRef = 4B5D034417E20F6100FDF216 /* Default@2x.png */; };
		4B5D034717E20F6100FDF216 /* Default-568h@2x.png in Resources */ = {isa = PBXBuildFile; fileRef = 4B5D034617E20F6100FDF216 /* Default-568h@2x.png */; };
		4B5D034A17E20F6100FDF216 /* MainStoryboard.storyboard in Resources */ = {isa = PBXBuildFile; fileRef = 4B5D034817E20F6100FDF216 /* MainStoryboard.storyboard */; };
		4B5D034D17E20F6100FDF216 /* ViewController.m in Sources */ = {isa = PBXBuildFile; fileRef = 4B5D034C17E20F6100FDF216 /* ViewController.m */; };
/* End PBXBuildFile section */

/* Begin PBXFileReference section */
		4B5D032D17E20F6100FDF216 /* ActionSheetBlockDemo.app */ = {isa = PBXFileReference; explicitFileType = wrapper.application; includeInIndex = 0; path = ActionSheetBlockDemo.app; sourceTree = BUILT_PRODUCTS_DIR; };
		4B5D033017E20F6100FDF216 /* UIKit.framework */ = {isa = PBXFileReference; lastKnownFileType = wrapper.framework; name = UIKit.framework; path = System/Library/Frameworks/UIKit.framework; sourceTree = SDKROOT; };
		4B5D033217E20F6100FDF216 /* Foundation.framework */ = {isa = PBXFileReference; lastKnownFileType = wrapper.framework; name = Foundation.framework; path = System/Library/Frameworks/Foundation.framework; sourceTree = SDKROOT; };
		4B5D033417E20F6100FDF216 /* CoreGraphics.framework */ = {isa = PBXFileReference; lastKnownFileType = wrapper.framework; name = CoreGraphics.framework; path = System/Library/Frameworks/CoreGraphics.framework; sourceTree = SDKROOT; };
		4B5D033817E20F6100FDF216 /* ActionSheetBlockDemo-Info.plist */ = {isa = PBXFileReference; lastKnownFileType = text.plist.xml; path = "ActionSheetBlockDemo-Info.plist"; sourceTree = "<group>"; };
		4B5D033A17E20F6100FDF216 /* en */ = {isa = PBXFileReference; lastKnownFileType = text.plist.strings; name = en; path = en.lproj/InfoPlist.strings; sourceTree = "<group>"; };
		4B5D033C17E20F6100FDF216 /* main.m */ = {isa = PBXFileReference; lastKnownFileType = sourcecode.c.objc; path = main.m; sourceTree = "<group>"; };
		4B5D033E17E20F6100FDF216 /* ActionSheetBlockDemo-Prefix.pch */ = {isa = PBXFileReference; lastKnownFileType = sourcecode.c.h; path = "ActionSheetBlockDemo-Prefix.pch"; sourceTree = "<group>"; };
		4B5D033F17E20F6100FDF216 /* AppDelegate.h */ = {isa = PBXFileReference; lastKnownFileType = sourcecode.c.h; path = AppDelegate.h; sourceTree = "<group>"; };
		4B5D034017E20F6100FDF216 /* AppDelegate.m */ = {isa = PBXFileReference; lastKnownFileType = sourcecode.c.objc; path = AppDelegate.m; sourceTree = "<group>"; };
		4B5D034217E20F6100FDF216 /* Default.png */ = {isa = PBXFileReference; lastKnownFileType = image.png; path = Default.png; sourceTree = "<group>"; };
		4B5D034417E20F6100FDF216 /* Default@2x.png */ = {isa = PBXFileReference; lastKnownFileType = image.png; path = "Default@2x.png"; sourceTree = "<group>"; };
		4B5D034617E20F6100FDF216 /* Default-568h@2x.png */ = {isa = PBXFileReference; lastKnownFileType = image.png; path = "Default-568h@2x.png"; sourceTree = "<group>"; };
		4B5D034917E20F6100FDF216 /* en */ = {isa = PBXFileReference; lastKnownFileType = file.storyboard; name = en; path = en.lproj/MainStoryboard.storyboard; sourceTree = "<group>"; };
		4B5D034B17E20F6100FDF216 /* ViewController.h */ = {isa = PBXFileReference; lastKnownFileType = sourcecode.c.h; path = ViewController.h; sourceTree = "<group>"; };
		4B5D034C17E20F6100FDF216 /* ViewController.m */ = {isa = PBXFileReference; lastKnownFileType = sourcecode.c.objc; path = ViewController.m; sourceTree = "<group>"; };
/* End PBXFileReference section */

/* Begin PBXFrameworksBuildPhase section */
		4B5D032A17E20F6100FDF216 /* Frameworks */ = {
			isa = PBXFrameworksBuildPhase;
			buildActionMask = 2147483647;
			files = (
				4B5D033117E20F6100FDF216 /* UIKit.framework in Frameworks */,
				4B5D033317E20F6100FDF216 /* Foundation.framework in Frameworks */,
				4B5D033517E20F6100FDF216 /* CoreGraphics.framework in Frameworks */,
			);
			runOnlyForDeploymentPostprocessing = 0;
		};
/* End PBXFrameworksBuildPhase section */

/* Begin PBXGroup section */
		4B5D032417E20F6100FDF216 = {
			isa = PBXGroup;
			children = (
				4B5D033617E20F6100FDF216 /* ActionSheetBlockDemo */,
				4B5D032F17E20F6100FDF216 /* Frameworks */,
				4B5D032E17E20F6100FDF216 /* Products */,
			);
			sourceTree = "<group>";
		};
		4B5D032E17E20F6100FDF216 /* Products */ = {
			isa = PBXGroup;
			children = (
				4B5D032D17E20F6100FDF216 /* ActionSheetBlockDemo.app */,
			);
			name = Products;
			sourceTree = "<group>";
		};
		4B5D032F17E20F6100FDF216 /* Frameworks */ = {
			isa = PBXGroup;
			children = (
				4B5D033017E20F6100FDF216 /* UIKit.framework */,
				4B5D033217E20F6100FDF216 /* Foundation.framework */,
				4B5D033417E20F6100FDF216 /* CoreGraphics.framework */,
			);
			name = Frameworks;
			sourceTree = "<group>";
		};
		4B5D033617E20F6100FDF216 /* ActionSheetBlockDemo */ = {
			isa = PBXGroup;
			children = (
				4B5D033F17E20F6100FDF216 /* AppDelegate.h */,
				4B5D034017E20F6100FDF216 /* AppDelegate.m */,
				4B5D034817E20F6100FDF216 /* MainStoryboard.storyboard */,
				4B5D034B17E20F6100FDF216 /* ViewController.h */,
				4B5D034C17E20F6100FDF216 /* ViewController.m */,
				4B5D033717E20F6100FDF216 /* Supporting Files */,
			);
			path = ActionSheetBlockDemo;
			sourceTree = "<group>";
		};
		4B5D033717E20F6100FDF216 /* Supporting Files */ = {
			isa = PBXGroup;
			children = (
				4B5D033817E20F6100FDF216 /* ActionSheetBlockDemo-Info.plist */,
				4B5D033917E20F6100FDF216 /* InfoPlist.strings */,
				4B5D033C17E20F6100FDF216 /* main.m */,
				4B5D033E17E20F6100FDF216 /* ActionSheetBlockDemo-Prefix.pch */,
				4B5D034217E20F6100FDF216 /* Default.png */,
				4B5D034417E20F6100FDF216 /* Default@2x.png */,
				4B5D034617E20F6100FDF216 /* Default-568h@2x.png */,
			);
			name = "Supporting Files";
			sourceTree = "<group>";
		};
/* End PBXGroup section */

/* Begin PBXNativeTarget section */
		4B5D032C17E20F6100FDF216 /* ActionSheetBlockDemo */ = {
			isa = PBXNativeTarget;
			buildConfigurationList = 4B5D035017E20F6100FDF216 /* Build configuration list for PBXNativeTarget "ActionSheetBlockDemo" */;
			buildPhases = (
				4B5D032917E20F6100FDF216 /* Sources */,
				4B5D032A17E20F6100FDF216 /* Frameworks */,
				4B5D032B17E20F6100FDF216 /* Resources */,
			);
			buildRules = (
			);
			dependencies = (
			);
			name = ActionSheetBlockDemo;
			productName = ActionSheetBlockDemo;
			productReference = 4B5D032D17E20F6100FDF216 /* ActionSheetBlockDemo.app */;
			productType = "com.apple.product-type.application";
		};
/* End PBXNativeTarget section */

/* Begin PBXProject section */
		4B5D032517E20F6100FDF216 /* Project object */ = {
			isa = PBXProject;
			attributes = {
				LastUpgradeCheck = 0460;
				ORGANIZATIONNAME = lc;
			};
			buildConfigurationList = 4B5D032817E20F6100FDF216 /* Build configuration list for PBXProject "ActionSheetBlockDemo" */;
			compatibilityVersion = "Xcode 3.2";
			developmentRegion = English;
			hasScannedForEncodings = 0;
			knownRegions = (
				en,
			);
			mainGroup = 4B5D032417E20F6100FDF216;
			productRefGroup = 4B5D032E17E20F6100FDF216 /* Products */;
			projectDirPath = "";
			projectRoot = "";
			targets = (
				4B5D032C17E20F6100FDF216 /* ActionSheetBlockDemo */,
			);
		};
/* End PBXProject section */

/* Begin PBXResourcesBuildPhase section */
		4B5D032B17E20F6100FDF216 /* Resources */ = {
			isa = PBXResourcesBuildPhase;
			buildActionMask = 2147483647;
			files = (
				4B5D033B17E20F6100FDF216 /* InfoPlist.strings in Resources */,
				4B5D034317E20F6100FDF216 /* Default.png in Resources */,
				4B5D034517E20F6100FDF216 /* Default@2x.png in Resources */,
				4B5D034717E20F6100FDF216 /* Default-568h@2x.png in Resources */,
				4B5D034A17E20F6100FDF216 /* MainStoryboard.storyboard in Resources */,
			);
			runOnlyForDeploymentPostprocessing = 0;
		};
/* End PBXResourcesBuildPhase section */

/* Begin PBXSourcesBuildPhase section */
		4B5D032917E20F6100FDF216 /* Sources */ = {
			isa = PBXSourcesBuildPhase;
			buildActionMask = 2147483647;
			files = (
				4B5D033D17E20F6100FDF216 /* main.m in Sources */,
				4B5D034117E20F6100FDF216 /* AppDelegate.m in Sources */,
				4B5D034D17E20F6100FDF216 /* ViewController.m in Sources */,
			);
			runOnlyForDeploymentPostprocessing = 0;
		};
/* End PBXSourcesBuildPhase section */

/* Begin PBXVariantGroup section */
		4B5D033917E20F6100FDF216 /* InfoPlist.strings */ = {
			isa = PBXVariantGroup;
			children = (
				4B5D033A17E20F6100FDF216 /* en */,
			);
			name = InfoPlist.strings;
			sourceTree = "<group>";
		};
		4B5D034817E20F6100FDF216 /* MainStoryboard.storyboard */ = {
			isa = PBXVariantGroup;
			children = (
				4B5D034917E20F6100FDF216 /* en */,
			);
			name = MainStoryboard.storyboard;
			sourceTree = "<group>";
		};
/* End PBXVariantGroup section */

/* Begin XCBuildConfiguration section */
		4B5D034E17E20F6100FDF216 /* Debug */ = {
			isa = XCBuildConfiguration;
			buildSettings = {
				ALWAYS_SEARCH_USER_PATHS = NO;
				CLANG_CXX_LANGUAGE_STANDARD = "gnu++0x";
				CLANG_CXX_LIBRARY = "libc++";
				CLANG_WARN_CONSTANT_CONVERSION = YES;
				CLANG_WARN_EMPTY_BODY = YES;
				CLANG_WARN_ENUM_CONVERSION = YES;
				CLANG_WARN_INT_CONVERSION = YES;
				CLANG_WARN__DUPLICATE_METHOD_MATCH = YES;
				"CODE_SIGN_IDENTITY[sdk=iphoneos*]" = "iPhone Developer";
				COPY_PHASE_STRIP = NO;
				GCC_C_LANGUAGE_STANDARD = gnu99;
				GCC_DYNAMIC_NO_PIC = NO;
				GCC_OPTIMIZATION_LEVEL = 0;
				GCC_PREPROCESSOR_DEFINITIONS = (
					"DEBUG=1",
					"$(inherited)",
				);
				GCC_SYMBOLS_PRIVATE_EXTERN = NO;
				GCC_WARN_ABOUT_RETURN_TYPE = YES;
				GCC_WARN_UNINITIALIZED_AUTOS = YES;
				GCC_WARN_UNUSED_VARIABLE = YES;
				IPHONEOS_DEPLOYMENT_TARGET = 6.1;
				ONLY_ACTIVE_ARCH = YES;
				SDKROOT = iphoneos;
			};
			name = Debug;
		};
		4B5D034F17E20F6100FDF216 /* Release */ = {
			isa = XCBuildConfiguration;
			buildSettings = {
				ALWAYS_SEARCH_USER_PATHS = NO;
				CLANG_CXX_LANGUAGE_STANDARD = "gnu++0x";
				CLANG_CXX_LIBRARY = "libc++";
				CLANG_WARN_CONSTANT_CONVERSION = YES;
				CLANG_WARN_EMPTY_BODY = YES;
				CLANG_WARN_ENUM_CONVERSION = YES;
				CLANG_WARN_INT_CONVERSION = YES;
				CLANG_WARN__DUPLICATE_METHOD_MATCH = YES;
				"CODE_SIGN_IDENTITY[sdk=iphoneos*]" = "iPhone Developer";
				COPY_PHASE_STRIP = YES;
				GCC_C_LANGUAGE_STANDARD = gnu99;
				GCC_WARN_ABOUT_RETURN_TYPE = YES;
				GCC_WARN_UNINITIALIZED_AUTOS = YES;
				GCC_WARN_UNUSED_VARIABLE = YES;
				IPHONEOS_DEPLOYMENT_TARGET = 6.1;
				OTHER_CFLAGS = "-DNS_BLOCK_ASSERTIONS=1";
				SDKROOT = iphoneos;
				VALIDATE_PRODUCT = YES;
			};
			name = Release;
		};
		4B5D035117E20F6100FDF216 /* Debug */ = {
			isa = XCBuildConfiguration;
			buildSettings = {
				GCC_PRECOMPILE_PREFIX_HEADER = YES;
				GCC_PREFIX_HEADER = "ActionSheetBlockDemo/ActionSheetBlockDemo-Prefix.pch";
				INFOPLIST_FILE = "ActionSheetBlockDemo/ActionSheetBlockDemo-Info.plist";
				PRODUCT_NAME = "$(TARGET_NAME)";
				WRAPPER_EXTENSION = app;
			};
			name = Debug;
		};
		4B5D035217E20F6100FDF216 /* Release */ = {
			isa = XCBuildConfiguration;
			buildSettings = {
				GCC_PRECOMPILE_PREFIX_HEADER = YES;
				GCC_PREFIX_HEADER = "ActionSheetBlockDemo/ActionSheetBlockDemo-Prefix.pch";
				INFOPLIST_FILE = "ActionSheetBlockDemo/ActionSheetBlockDemo-Info.plist";
				PRODUCT_NAME = "$(TARGET_NAME)";
				WRAPPER_EXTENSION = app;
			};
			name = Release;
		};
/* End XCBuildConfiguration section */

/* Begin XCConfigurationList section */
		4B5D032817E20F6100FDF216 /* Build configuration list for PBXProject "ActionSheetBlockDemo" */ = {
			isa = XCConfigurationList;
			buildConfigurations = (
				4B5D034E17E20F6100FDF216 /* Debug */,
				4B5D034F17E20F6100FDF216 /* Release */,
			);
			defaultConfigurationIsVisible = 0;
			defaultConfigurationName = Release;
		};
		4B5D035017E20F6100FDF216 /* Build configuration list for PBXNativeTarget "ActionSheetBlockDemo" */ = {
			isa = XCConfigurationList;
			buildConfigurations = (
				4B5D035117E20F6100FDF216 /* Debug */,
				4B5D035217E20F6100FDF216 /* Release */,
			);
			defaultConfigurationIsVisible = 0;
		};
/* End XCConfigurationList section */
	};
	rootObject = 4B5D032517E20F6100FDF216 /* Project object */;
}
